
Microsoft Visual Studio Solution File, Format Version 12.00
# Visual Studio Version 16
VisualStudioVersion = 16.0.30413.136
MinimumVisualStudioVersion = 10.0.40219.1
Project("{9A19103F-16F7-4668-BE54-9A1E7A4F7556}") = "TablerBlazor", "TablerBlazor\TablerBlazor.csproj", "{AF1E3D0C-A58F-49C8-A214-273F71301C90}"
EndProject
Project("{9A19103F-16F7-4668-BE54-9A1E7A4F7556}") = "TablerBlazorUI", "TablerBlazorUI\TablerBlazorUI.csproj", "{FA5F0F86-A661-4232-8893-B0981BBC4B04}"
EndProject
Global
	GlobalSection(SolutionConfigurationPlatforms) = preSolution
		Debug|Any CPU = Debug|Any CPU
		Release|Any CPU = Release|Any CPU
	EndGlobalSection
	GlobalSection(ProjectConfigurationPlatforms) = postSolution
		{AF1E3D0C-A58F-49C8-A214-273F71301C90}.Debug|Any CPU.ActiveCfg = Debug|Any CPU
		{AF1E3D0C-A58F-49C8-A214-273F71301C90}.Debug|Any CPU.Build.0 = Debug|Any CPU
		{AF1E3D0C-A58F-49C8-A214-273F71301C90}.Release|Any CPU.ActiveCfg = Release|Any CPU
		{AF1E3D0C-A58F-49C8-A214-273F71301C90}.Release|Any CPU.Build.0 = Release|Any CPU
		{FA5F0F86-A661-4232-8893-B0981BBC4B04}.Debug|Any CPU.ActiveCfg = Debug|Any CPU
		{FA5F0F86-A661-4232-8893-B0981BBC4B04}.Debug|Any CPU.Build.0 = Debug|Any CPU
		{FA5F0F86-A661-4232-8893-B0981BBC4B04}.Release|Any CPU.ActiveCfg = Release|Any CPU
		{FA5F0F86-A661-4232-8893-B0981BBC4B04}.Release|Any CPU.Build.0 = Release|Any CPU
	EndGlobalSection
	GlobalSection(SolutionProperties) = preSolution
		HideSolutionNode = FALSE
	EndGlobalSection
	GlobalSection(ExtensibilityGlobals) = postSolution
		SolutionGuid = {3233CA88-8F09-4C41-9BA9-AAB77FDB8549}
	EndGlobalSection
EndGlobal
